
Microsoft Visual Studio Solution File, Format Version 12.00
# Visual Studio Version 17
VisualStudioVersion = 17.7.34221.43
MinimumVisualStudioVersion = 10.0.40219.1
Project("{9A19103F-16F7-4668-BE54-9A1E7A4F7556}") = "NovaLauncher", "NovaLauncher.csproj", "{7632569C-3507-4011-AA1C-EA16A2F37756}"
EndProject
Global
	GlobalSection(SolutionConfigurationPlatforms) = preSolution
		Debug|Any CPU = Debug|Any CPU
		Debug|x64 = Debug|x64
		Release|Any CPU = Release|Any CPU
		Release|x64 = Release|x64
	EndGlobalSection
	GlobalSection(ProjectConfigurationPlatforms) = postSolution
		{7632569C-3507-4011-AA1C-EA16A2F37756}.Debug|Any CPU.ActiveCfg = Debug|Any CPU
		{7632569C-3507-4011-AA1C-EA16A2F37756}.Debug|Any CPU.Build.0 = Debug|Any CPU
		{7632569C-3507-4011-AA1C-EA16A2F37756}.Debug|x64.ActiveCfg = Debug|x64
		{7632569C-3507-4011-AA1C-EA16A2F37756}.Debug|x64.Build.0 = Debug|x64
		{7632569C-3507-4011-AA1C-EA16A2F37756}.Release|Any CPU.ActiveCfg = Release|Any CPU
		{7632569C-3507-4011-AA1C-EA16A2F37756}.Release|Any CPU.Build.0 = Release|Any CPU
		{7632569C-3507-4011-AA1C-EA16A2F37756}.Release|x64.ActiveCfg = Release|x64
		{7632569C-3507-4011-AA1C-EA16A2F37756}.Release|x64.Build.0 = Release|x64
	EndGlobalSection
	GlobalSection(SolutionProperties) = preSolution
		HideSolutionNode = FALSE
	EndGlobalSection
	GlobalSection(ExtensibilityGlobals) = postSolution
		SolutionGuid = {2B5A596B-6BA8-473B-B329-9BB7C61D1732}
	EndGlobalSection
EndGlobal
